
Microsoft Visual Studio Solution File, Format Version 12.00
# Visual Studio Version 17
VisualStudioVersion = 17.0.32126.317
MinimumVisualStudioVersion = 10.0.40219.1
Project("{8BC9CEB8-8B4A-11D0-8D11-00A0C91BC942}") = "ToolsLib", "ToolsLib\ToolsLib.vcxproj", "{3886BACF-07E0-4901-A048-33223B9D5764}"
EndProject
Project("{8BC9CEB8-8B4A-11D0-8D11-00A0C91BC942}") = "ToolsLibTests", "ToolsLibTests\ToolsLibTests.vcxproj", "{59AB5258-511C-43AF-918C-8CBABD89BB2B}"
EndProject
Project("{2150E333-8FDC-42A3-9474-1A3956D46DE8}") = "Tools", "Tools", "{EF53856A-ED75-4A26-95C3-C0E2490DC349}"
EndProject
Project("{2150E333-8FDC-42A3-9474-1A3956D46DE8}") = "lab3", "lab3", "{F20E1D79-4614-486F-BDE6-D06302B39A73}"
EndProject
Project("{2150E333-8FDC-42A3-9474-1A3956D46DE8}") = "TV", "TV", "{3FE0014D-D030-4525-9C04-D5FE7FBFED44}"
EndProject
Project("{8BC9CEB8-8B4A-11D0-8D11-00A0C91BC942}") = "TV", "TV\TV.vcxproj", "{F0F14B4D-5715-4EA1-80A9-9273A27084F8}"
EndProject
Project("{8BC9CEB8-8B4A-11D0-8D11-00A0C91BC942}") = "TVTests", "TVTests\TVTests.vcxproj", "{02C17438-47EE-4AA2-911D-4AA8345E781B}"
EndProject
Project("{2150E333-8FDC-42A3-9474-1A3956D46DE8}") = "lab4", "lab4", "{7ED5C399-4BDB-4970-AD96-CD3656DBE747}"
EndProject
Project("{8BC9CEB8-8B4A-11D0-8D11-00A0C91BC942}") = "shapes", "shapes\shapes.vcxproj", "{BAB8E365-B8D3-467D-A7DF-DB5E4030B882}"
EndProject
Project("{8BC9CEB8-8B4A-11D0-8D11-00A0C91BC942}") = "shapesTests", "shapesTests\shapesTests.vcxproj", "{274265FF-747E-424C-AA79-766EA7B702CF}"
EndProject
Project("{2150E333-8FDC-42A3-9474-1A3956D46DE8}") = "lab5", "lab5", "{1A0845B3-BF88-4B92-8A71-088C3B024132}"
EndProject
Project("{8BC9CEB8-8B4A-11D0-8D11-00A0C91BC942}") = "Time", "Time\Time.vcxproj", "{05FD1ED7-11E0-4F72-B043-6B8DCCA28327}"
EndProject
Project("{8BC9CEB8-8B4A-11D0-8D11-00A0C91BC942}") = "TimeTests", "TimeTests\TimeTests.vcxproj", "{66520860-18FE-4C96-B415-3D3F7826EDA2}"
EndProject
Project("{2150E333-8FDC-42A3-9474-1A3956D46DE8}") = "lab6", "lab6", "{9A649A61-F15F-4749-89F8-264E1DCBAFE2}"
EndProject
Project("{8BC9CEB8-8B4A-11D0-8D11-00A0C91BC942}") = "URL", "URL\URL.vcxproj", "{051CAE46-4934-477D-AC9D-4147F2E78D67}"
EndProject
Project("{8BC9CEB8-8B4A-11D0-8D11-00A0C91BC942}") = "URLTests", "URLTests\URLTests.vcxproj", "{4A3C26C4-1FED-497B-A821-F01D7A195581}"
EndProject
Project("{8BC9CEB8-8B4A-11D0-8D11-00A0C91BC942}") = "URLInfo", "URLInfo\URLInfo.vcxproj", "{98F0C2C6-BF2A-4CC0-94AF-15DA93C63416}"
EndProject
Project("{2150E333-8FDC-42A3-9474-1A3956D46DE8}") = "lab7", "lab7", "{F1E5B197-05DC-4777-87B4-805AB4035B64}"
EndProject
Project("{8BC9CEB8-8B4A-11D0-8D11-00A0C91BC942}") = "templatesTest", "templatesTest\templatesTest.vcxproj", "{0DBD62DC-8A8B-410C-BB7A-7784359FEA0F}"
EndProject
Global
	GlobalSection(SolutionConfigurationPlatforms) = preSolution
		Debug|x64 = Debug|x64
		Debug|x86 = Debug|x86
		MinSizeRel|x64 = MinSizeRel|x64
		MinSizeRel|x86 = MinSizeRel|x86
		Release|x64 = Release|x64
		Release|x86 = Release|x86
		RelWithDebInfo|x64 = RelWithDebInfo|x64
		RelWithDebInfo|x86 = RelWithDebInfo|x86
	EndGlobalSection
	GlobalSection(ProjectConfigurationPlatforms) = postSolution
		{3886BACF-07E0-4901-A048-33223B9D5764}.Debug|x64.ActiveCfg = Debug|x64
		{3886BACF-07E0-4901-A048-33223B9D5764}.Debug|x64.Build.0 = Debug|x64
		{3886BACF-07E0-4901-A048-33223B9D5764}.Debug|x86.ActiveCfg = Debug|Win32
		{3886BACF-07E0-4901-A048-33223B9D5764}.Debug|x86.Build.0 = Debug|Win32
		{3886BACF-07E0-4901-A048-33223B9D5764}.MinSizeRel|x64.ActiveCfg = Release|x64
		{3886BACF-07E0-4901-A048-33223B9D5764}.MinSizeRel|x64.Build.0 = Release|x64
		{3886BACF-07E0-4901-A048-33223B9D5764}.MinSizeRel|x86.ActiveCfg = Release|Win32
		{3886BACF-07E0-4901-A048-33223B9D5764}.MinSizeRel|x86.Build.0 = Release|Win32
		{3886BACF-07E0-4901-A048-33223B9D5764}.Release|x64.ActiveCfg = Release|x64
		{3886BACF-07E0-4901-A048-33223B9D5764}.Release|x64.Build.0 = Release|x64
		{3886BACF-07E0-4901-A048-33223B9D5764}.Release|x86.ActiveCfg = Release|Win32
		{3886BACF-07E0-4901-A048-33223B9D5764}.Release|x86.Build.0 = Release|Win32
		{3886BACF-07E0-4901-A048-33223B9D5764}.RelWithDebInfo|x64.ActiveCfg = Release|x64
		{3886BACF-07E0-4901-A048-33223B9D5764}.RelWithDebInfo|x64.Build.0 = Release|x64
		{3886BACF-07E0-4901-A048-33223B9D5764}.RelWithDebInfo|x86.ActiveCfg = Release|Win32
		{3886BACF-07E0-4901-A048-33223B9D5764}.RelWithDebInfo|x86.Build.0 = Release|Win32
		{59AB5258-511C-43AF-918C-8CBABD89BB2B}.Debug|x64.ActiveCfg = Debug|x64
		{59AB5258-511C-43AF-918C-8CBABD89BB2B}.Debug|x64.Build.0 = Debug|x64
		{59AB5258-511C-43AF-918C-8CBABD89BB2B}.Debug|x86.ActiveCfg = Debug|Win32
		{59AB5258-511C-43AF-918C-8CBABD89BB2B}.Debug|x86.Build.0 = Debug|Win32
		{59AB5258-511C-43AF-918C-8CBABD89BB2B}.MinSizeRel|x64.ActiveCfg = Release|x64
		{59AB5258-511C-43AF-918C-8CBABD89BB2B}.MinSizeRel|x64.Build.0 = Release|x64
		{59AB5258-511C-43AF-918C-8CBABD89BB2B}.MinSizeRel|x86.ActiveCfg = Release|Win32
		{59AB5258-511C-43AF-918C-8CBABD89BB2B}.MinSizeRel|x86.Build.0 = Release|Win32
		{59AB5258-511C-43AF-918C-8CBABD89BB2B}.Release|x64.ActiveCfg = Release|x64
		{59AB5258-511C-43AF-918C-8CBABD89BB2B}.Release|x64.Build.0 = Release|x64
		{59AB5258-511C-43AF-918C-8CBABD89BB2B}.Release|x86.ActiveCfg = Release|Win32
		{59AB5258-511C-43AF-918C-8CBABD89BB2B}.Release|x86.Build.0 = Release|Win32
		{59AB5258-511C-43AF-918C-8CBABD89BB2B}.RelWithDebInfo|x64.ActiveCfg = Release|x64
		{59AB5258-511C-43AF-918C-8CBABD89BB2B}.RelWithDebInfo|x64.Build.0 = Release|x64
		{59AB5258-511C-43AF-918C-8CBABD89BB2B}.RelWithDebInfo|x86.ActiveCfg = Release|Win32
		{59AB5258-511C-43AF-918C-8CBABD89BB2B}.RelWithDebInfo|x86.Build.0 = Release|Win32
		{F0F14B4D-5715-4EA1-80A9-9273A27084F8}.Debug|x64.ActiveCfg = Debug|x64
		{F0F14B4D-5715-4EA1-80A9-9273A27084F8}.Debug|x64.Build.0 = Debug|x64
		{F0F14B4D-5715-4EA1-80A9-9273A27084F8}.Debug|x86.ActiveCfg = Debug|Win32
		{F0F14B4D-5715-4EA1-80A9-9273A27084F8}.Debug|x86.Build.0 = Debug|Win32
		{F0F14B4D-5715-4EA1-80A9-9273A27084F8}.MinSizeRel|x64.ActiveCfg = Release|x64
		{F0F14B4D-5715-4EA1-80A9-9273A27084F8}.MinSizeRel|x64.Build.0 = Release|x64
		{F0F14B4D-5715-4EA1-80A9-9273A27084F8}.MinSizeRel|x86.ActiveCfg = Release|Win32
		{F0F14B4D-5715-4EA1-80A9-9273A27084F8}.MinSizeRel|x86.Build.0 = Release|Win32
		{F0F14B4D-5715-4EA1-80A9-9273A27084F8}.Release|x64.ActiveCfg = Release|x64
		{F0F14B4D-5715-4EA1-80A9-9273A27084F8}.Release|x64.Build.0 = Release|x64
		{F0F14B4D-5715-4EA1-80A9-9273A27084F8}.Release|x86.ActiveCfg = Release|Win32
		{F0F14B4D-5715-4EA1-80A9-9273A27084F8}.Release|x86.Build.0 = Release|Win32
		{F0F14B4D-5715-4EA1-80A9-9273A27084F8}.RelWithDebInfo|x64.ActiveCfg = Release|x64
		{F0F14B4D-5715-4EA1-80A9-9273A27084F8}.RelWithDebInfo|x64.Build.0 = Release|x64
		{F0F14B4D-5715-4EA1-80A9-9273A27084F8}.RelWithDebInfo|x86.ActiveCfg = Release|Win32
		{F0F14B4D-5715-4EA1-80A9-9273A27084F8}.RelWithDebInfo|x86.Build.0 = Release|Win32
		{02C17438-47EE-4AA2-911D-4AA8345E781B}.Debug|x64.ActiveCfg = Debug|x64
		{02C17438-47EE-4AA2-911D-4AA8345E781B}.Debug|x64.Build.0 = Debug|x64
		{02C17438-47EE-4AA2-911D-4AA8345E781B}.Debug|x86.ActiveCfg = Debug|Win32
		{02C17438-47EE-4AA2-911D-4AA8345E781B}.Debug|x86.Build.0 = Debug|Win32
		{02C17438-47EE-4AA2-911D-4AA8345E781B}.MinSizeRel|x64.ActiveCfg = Release|x64
		{02C17438-47EE-4AA2-911D-4AA8345E781B}.MinSizeRel|x64.Build.0 = Release|x64
		{02C17438-47EE-4AA2-911D-4AA8345E781B}.MinSizeRel|x86.ActiveCfg = Release|Win32
		{02C17438-47EE-4AA2-911D-4AA8345E781B}.MinSizeRel|x86.Build.0 = Release|Win32
		{02C17438-47EE-4AA2-911D-4AA8345E781B}.Release|x64.ActiveCfg = Release|x64
		{02C17438-47EE-4AA2-911D-4AA8345E781B}.Release|x64.Build.0 = Release|x64
		{02C17438-47EE-4AA2-911D-4AA8345E781B}.Release|x86.ActiveCfg = Release|Win32
		{02C17438-47EE-4AA2-911D-4AA8345E781B}.Release|x86.Build.0 = Release|Win32
		{02C17438-47EE-4AA2-911D-4AA8345E781B}.RelWithDebInfo|x64.ActiveCfg = Release|x64
		{02C17438-47EE-4AA2-911D-4AA8345E781B}.RelWithDebInfo|x64.Build.0 = Release|x64
		{02C17438-47EE-4AA2-911D-4AA8345E781B}.RelWithDebInfo|x86.ActiveCfg = Release|Win32
		{02C17438-47EE-4AA2-911D-4AA8345E781B}.RelWithDebInfo|x86.Build.0 = Release|Win32
		{BAB8E365-B8D3-467D-A7DF-DB5E4030B882}.Debug|x64.ActiveCfg = Debug|x64
		{BAB8E365-B8D3-467D-A7DF-DB5E4030B882}.Debug|x64.Build.0 = Debug|x64
		{BAB8E365-B8D3-467D-A7DF-DB5E4030B882}.Debug|x86.ActiveCfg = Debug|Win32
		{BAB8E365-B8D3-467D-A7DF-DB5E4030B882}.Debug|x86.Build.0 = Debug|Win32
		{BAB8E365-B8D3-467D-A7DF-DB5E4030B882}.MinSizeRel|x64.ActiveCfg = Debug|x64
		{BAB8E365-B8D3-467D-A7DF-DB5E4030B882}.MinSizeRel|x64.Build.0 = Debug|x64
		{BAB8E365-B8D3-467D-A7DF-DB5E4030B882}.MinSizeRel|x86.ActiveCfg = Debug|Win32
		{BAB8E365-B8D3-467D-A7DF-DB5E4030B882}.MinSizeRel|x86.Build.0 = Debug|Win32
		{BAB8E365-B8D3-467D-A7DF-DB5E4030B882}.Release|x64.ActiveCfg = Release|x64
		{BAB8E365-B8D3-467D-A7DF-DB5E4030B882}.Release|x64.Build.0 = Release|x64
		{BAB8E365-B8D3-467D-A7DF-DB5E4030B882}.Release|x86.ActiveCfg = Release|Win32
		{BAB8E365-B8D3-467D-A7DF-DB5E4030B882}.Release|x86.Build.0 = Release|Win32
		{BAB8E365-B8D3-467D-A7DF-DB5E4030B882}.RelWithDebInfo|x64.ActiveCfg = Release|x64
		{BAB8E365-B8D3-467D-A7DF-DB5E4030B882}.RelWithDebInfo|x64.Build.0 = Release|x64
		{BAB8E365-B8D3-467D-A7DF-DB5E4030B882}.RelWithDebInfo|x86.ActiveCfg = Release|Win32
		{BAB8E365-B8D3-467D-A7DF-DB5E4030B882}.RelWithDebInfo|x86.Build.0 = Release|Win32
		{274265FF-747E-424C-AA79-766EA7B702CF}.Debug|x64.ActiveCfg = Debug|x64
		{274265FF-747E-424C-AA79-766EA7B702CF}.Debug|x64.Build.0 = Debug|x64
		{274265FF-747E-424C-AA79-766EA7B702CF}.Debug|x86.ActiveCfg = Debug|Win32
		{274265FF-747E-424C-AA79-766EA7B702CF}.Debug|x86.Build.0 = Debug|Win32
		{274265FF-747E-424C-AA79-766EA7B702CF}.MinSizeRel|x64.ActiveCfg = Debug|x64
		{274265FF-747E-424C-AA79-766EA7B702CF}.MinSizeRel|x64.Build.0 = Debug|x64
		{274265FF-747E-424C-AA79-766EA7B702CF}.MinSizeRel|x86.ActiveCfg = Debug|Win32
		{274265FF-747E-424C-AA79-766EA7B702CF}.MinSizeRel|x86.Build.0 = Debug|Win32
		{274265FF-747E-424C-AA79-766EA7B702CF}.Release|x64.ActiveCfg = Release|x64
		{274265FF-747E-424C-AA79-766EA7B702CF}.Release|x64.Build.0 = Release|x64
		{274265FF-747E-424C-AA79-766EA7B702CF}.Release|x86.ActiveCfg = Release|Win32
		{274265FF-747E-424C-AA79-766EA7B702CF}.Release|x86.Build.0 = Release|Win32
		{274265FF-747E-424C-AA79-766EA7B702CF}.RelWithDebInfo|x64.ActiveCfg = Release|x64
		{274265FF-747E-424C-AA79-766EA7B702CF}.RelWithDebInfo|x64.Build.0 = Release|x64
		{274265FF-747E-424C-AA79-766EA7B702CF}.RelWithDebInfo|x86.ActiveCfg = Release|Win32
		{274265FF-747E-424C-AA79-766EA7B702CF}.RelWithDebInfo|x86.Build.0 = Release|Win32
		{05FD1ED7-11E0-4F72-B043-6B8DCCA28327}.Debug|x64.ActiveCfg = Debug|x64
		{05FD1ED7-11E0-4F72-B043-6B8DCCA28327}.Debug|x64.Build.0 = Debug|x64
		{05FD1ED7-11E0-4F72-B043-6B8DCCA28327}.Debug|x86.ActiveCfg = Debug|Win32
		{05FD1ED7-11E0-4F72-B043-6B8DCCA28327}.Debug|x86.Build.0 = Debug|Win32
		{05FD1ED7-11E0-4F72-B043-6B8DCCA28327}.MinSizeRel|x64.ActiveCfg = Debug|x64
		{05FD1ED7-11E0-4F72-B043-6B8DCCA28327}.MinSizeRel|x64.Build.0 = Debug|x64
		{05FD1ED7-11E0-4F72-B043-6B8DCCA28327}.MinSizeRel|x86.ActiveCfg = Debug|Win32
		{05FD1ED7-11E0-4F72-B043-6B8DCCA28327}.MinSizeRel|x86.Build.0 = Debug|Win32
		{05FD1ED7-11E0-4F72-B043-6B8DCCA28327}.Release|x64.ActiveCfg = Release|x64
		{05FD1ED7-11E0-4F72-B043-6B8DCCA28327}.Release|x64.Build.0 = Release|x64
		{05FD1ED7-11E0-4F72-B043-6B8DCCA28327}.Release|x86.ActiveCfg = Release|Win32
		{05FD1ED7-11E0-4F72-B043-6B8DCCA28327}.Release|x86.Build.0 = Release|Win32
		{05FD1ED7-11E0-4F72-B043-6B8DCCA28327}.RelWithDebInfo|x64.ActiveCfg = Release|x64
		{05FD1ED7-11E0-4F72-B043-6B8DCCA28327}.RelWithDebInfo|x64.Build.0 = Release|x64
		{05FD1ED7-11E0-4F72-B043-6B8DCCA28327}.RelWithDebInfo|x86.ActiveCfg = Release|Win32
		{05FD1ED7-11E0-4F72-B043-6B8DCCA28327}.RelWithDebInfo|x86.Build.0 = Release|Win32
		{66520860-18FE-4C96-B415-3D3F7826EDA2}.Debug|x64.ActiveCfg = Debug|x64
		{66520860-18FE-4C96-B415-3D3F7826EDA2}.Debug|x64.Build.0 = Debug|x64
		{66520860-18FE-4C96-B415-3D3F7826EDA2}.Debug|x86.ActiveCfg = Debug|Win32
		{66520860-18FE-4C96-B415-3D3F7826EDA2}.Debug|x86.Build.0 = Debug|Win32
		{66520860-18FE-4C96-B415-3D3F7826EDA2}.MinSizeRel|x64.ActiveCfg = Debug|x64
		{66520860-18FE-4C96-B415-3D3F7826EDA2}.MinSizeRel|x64.Build.0 = Debug|x64
		{66520860-18FE-4C96-B415-3D3F7826EDA2}.MinSizeRel|x86.ActiveCfg = Debug|Win32
		{66520860-18FE-4C96-B415-3D3F7826EDA2}.MinSizeRel|x86.Build.0 = Debug|Win32
		{66520860-18FE-4C96-B415-3D3F7826EDA2}.Release|x64.ActiveCfg = Release|x64
		{66520860-18FE-4C96-B415-3D3F7826EDA2}.Release|x64.Build.0 = Release|x64
		{66520860-18FE-4C96-B415-3D3F7826EDA2}.Release|x86.ActiveCfg = Release|Win32
		{66520860-18FE-4C96-B415-3D3F7826EDA2}.Release|x86.Build.0 = Release|Win32
		{66520860-18FE-4C96-B415-3D3F7826EDA2}.RelWithDebInfo|x64.ActiveCfg = Release|x64
		{66520860-18FE-4C96-B415-3D3F7826EDA2}.RelWithDebInfo|x64.Build.0 = Release|x64
		{66520860-18FE-4C96-B415-3D3F7826EDA2}.RelWithDebInfo|x86.ActiveCfg = Release|Win32
		{66520860-18FE-4C96-B415-3D3F7826EDA2}.RelWithDebInfo|x86.Build.0 = Release|Win32
		{051CAE46-4934-477D-AC9D-4147F2E78D67}.Debug|x64.ActiveCfg = Debug|x64
		{051CAE46-4934-477D-AC9D-4147F2E78D67}.Debug|x64.Build.0 = Debug|x64
		{051CAE46-4934-477D-AC9D-4147F2E78D67}.Debug|x86.ActiveCfg = Debug|Win32
		{051CAE46-4934-477D-AC9D-4147F2E78D67}.Debug|x86.Build.0 = Debug|Win32
		{051CAE46-4934-477D-AC9D-4147F2E78D67}.MinSizeRel|x64.ActiveCfg = Debug|x64
		{051CAE46-4934-477D-AC9D-4147F2E78D67}.MinSizeRel|x64.Build.0 = Debug|x64
		{051CAE46-4934-477D-AC9D-4147F2E78D67}.MinSizeRel|x86.ActiveCfg = Debug|Win32
		{051CAE46-4934-477D-AC9D-4147F2E78D67}.MinSizeRel|x86.Build.0 = Debug|Win32
		{051CAE46-4934-477D-AC9D-4147F2E78D67}.Release|x64.ActiveCfg = Release|x64
		{051CAE46-4934-477D-AC9D-4147F2E78D67}.Release|x64.Build.0 = Release|x64
		{051CAE46-4934-477D-AC9D-4147F2E78D67}.Release|x86.ActiveCfg = Release|Win32
		{051CAE46-4934-477D-AC9D-4147F2E78D67}.Release|x86.Build.0 = Release|Win32
		{051CAE46-4934-477D-AC9D-4147F2E78D67}.RelWithDebInfo|x64.ActiveCfg = Release|x64
		{051CAE46-4934-477D-AC9D-4147F2E78D67}.RelWithDebInfo|x64.Build.0 = Release|x64
		{051CAE46-4934-477D-AC9D-4147F2E78D67}.RelWithDebInfo|x86.ActiveCfg = Release|Win32
		{051CAE46-4934-477D-AC9D-4147F2E78D67}.RelWithDebInfo|x86.Build.0 = Release|Win32
		{4A3C26C4-1FED-497B-A821-F01D7A195581}.Debug|x64.ActiveCfg = Debug|x64
		{4A3C26C4-1FED-497B-A821-F01D7A195581}.Debug|x64.Build.0 = Debug|x64
		{4A3C26C4-1FED-497B-A821-F01D7A195581}.Debug|x86.ActiveCfg = Debug|Win32
		{4A3C26C4-1FED-497B-A821-F01D7A195581}.Debug|x86.Build.0 = Debug|Win32
		{4A3C26C4-1FED-497B-A821-F01D7A195581}.MinSizeRel|x64.ActiveCfg = Debug|x64
		{4A3C26C4-1FED-497B-A821-F01D7A195581}.MinSizeRel|x64.Build.0 = Debug|x64
		{4A3C26C4-1FED-497B-A821-F01D7A195581}.MinSizeRel|x86.ActiveCfg = Debug|Win32
		{4A3C26C4-1FED-497B-A821-F01D7A195581}.MinSizeRel|x86.Build.0 = Debug|Win32
		{4A3C26C4-1FED-497B-A821-F01D7A195581}.Release|x64.ActiveCfg = Release|x64
		{4A3C26C4-1FED-497B-A821-F01D7A195581}.Release|x64.Build.0 = Release|x64
		{4A3C26C4-1FED-497B-A821-F01D7A195581}.Release|x86.ActiveCfg = Release|Win32
		{4A3C26C4-1FED-497B-A821-F01D7A195581}.Release|x86.Build.0 = Release|Win32
		{4A3C26C4-1FED-497B-A821-F01D7A195581}.RelWithDebInfo|x64.ActiveCfg = Release|x64
		{4A3C26C4-1FED-497B-A821-F01D7A195581}.RelWithDebInfo|x64.Build.0 = Release|x64
		{4A3C26C4-1FED-497B-A821-F01D7A195581}.RelWithDebInfo|x86.ActiveCfg = Release|Win32
		{4A3C26C4-1FED-497B-A821-F01D7A195581}.RelWithDebInfo|x86.Build.0 = Release|Win32
		{98F0C2C6-BF2A-4CC0-94AF-15DA93C63416}.Debug|x64.ActiveCfg = Debug|x64
		{98F0C2C6-BF2A-4CC0-94AF-15DA93C63416}.Debug|x64.Build.0 = Debug|x64
		{98F0C2C6-BF2A-4CC0-94AF-15DA93C63416}.Debug|x86.ActiveCfg = Debug|Win32
		{98F0C2C6-BF2A-4CC0-94AF-15DA93C63416}.Debug|x86.Build.0 = Debug|Win32
		{98F0C2C6-BF2A-4CC0-94AF-15DA93C63416}.MinSizeRel|x64.ActiveCfg = Debug|x64
		{98F0C2C6-BF2A-4CC0-94AF-15DA93C63416}.MinSizeRel|x64.Build.0 = Debug|x64
		{98F0C2C6-BF2A-4CC0-94AF-15DA93C63416}.MinSizeRel|x86.ActiveCfg = Debug|Win32
		{98F0C2C6-BF2A-4CC0-94AF-15DA93C63416}.MinSizeRel|x86.Build.0 = Debug|Win32
		{98F0C2C6-BF2A-4CC0-94AF-15DA93C63416}.Release|x64.ActiveCfg = Release|x64
		{98F0C2C6-BF2A-4CC0-94AF-15DA93C63416}.Release|x64.Build.0 = Release|x64
		{98F0C2C6-BF2A-4CC0-94AF-15DA93C63416}.Release|x86.ActiveCfg = Release|Win32
		{98F0C2C6-BF2A-4CC0-94AF-15DA93C63416}.Release|x86.Build.0 = Release|Win32
		{98F0C2C6-BF2A-4CC0-94AF-15DA93C63416}.RelWithDebInfo|x64.ActiveCfg = Release|x64
		{98F0C2C6-BF2A-4CC0-94AF-15DA93C63416}.RelWithDebInfo|x64.Build.0 = Release|x64
		{98F0C2C6-BF2A-4CC0-94AF-15DA93C63416}.RelWithDebInfo|x86.ActiveCfg = Release|Win32
		{98F0C2C6-BF2A-4CC0-94AF-15DA93C63416}.RelWithDebInfo|x86.Build.0 = Release|Win32
		{0DBD62DC-8A8B-410C-BB7A-7784359FEA0F}.Debug|x64.ActiveCfg = Debug|x64
		{0DBD62DC-8A8B-410C-BB7A-7784359FEA0F}.Debug|x64.Build.0 = Debug|x64
		{0DBD62DC-8A8B-410C-BB7A-7784359FEA0F}.Debug|x86.ActiveCfg = Debug|Win32
		{0DBD62DC-8A8B-410C-BB7A-7784359FEA0F}.Debug|x86.Build.0 = Debug|Win32
		{0DBD62DC-8A8B-410C-BB7A-7784359FEA0F}.MinSizeRel|x64.ActiveCfg = Debug|x64
		{0DBD62DC-8A8B-410C-BB7A-7784359FEA0F}.MinSizeRel|x64.Build.0 = Debug|x64
		{0DBD62DC-8A8B-410C-BB7A-7784359FEA0F}.MinSizeRel|x86.ActiveCfg = Debug|Win32
		{0DBD62DC-8A8B-410C-BB7A-7784359FEA0F}.MinSizeRel|x86.Build.0 = Debug|Win32
		{0DBD62DC-8A8B-410C-BB7A-7784359FEA0F}.Release|x64.ActiveCfg = Release|x64
		{0DBD62DC-8A8B-410C-BB7A-7784359FEA0F}.Release|x64.Build.0 = Release|x64
		{0DBD62DC-8A8B-410C-BB7A-7784359FEA0F}.Release|x86.ActiveCfg = Release|Win32
		{0DBD62DC-8A8B-410C-BB7A-7784359FEA0F}.Release|x86.Build.0 = Release|Win32
		{0DBD62DC-8A8B-410C-BB7A-7784359FEA0F}.RelWithDebInfo|x64.ActiveCfg = Release|x64
		{0DBD62DC-8A8B-410C-BB7A-7784359FEA0F}.RelWithDebInfo|x64.Build.0 = Release|x64
		{0DBD62DC-8A8B-410C-BB7A-7784359FEA0F}.RelWithDebInfo|x86.ActiveCfg = Release|Win32
		{0DBD62DC-8A8B-410C-BB7A-7784359FEA0F}.RelWithDebInfo|x86.Build.0 = Release|Win32
	EndGlobalSection
	GlobalSection(SolutionProperties) = preSolution
		HideSolutionNode = FALSE
	EndGlobalSection
	GlobalSection(NestedProjects) = preSolution
		{3886BACF-07E0-4901-A048-33223B9D5764} = {EF53856A-ED75-4A26-95C3-C0E2490DC349}
		{59AB5258-511C-43AF-918C-8CBABD89BB2B} = {EF53856A-ED75-4A26-95C3-C0E2490DC349}
		{3FE0014D-D030-4525-9C04-D5FE7FBFED44} = {F20E1D79-4614-486F-BDE6-D06302B39A73}
		{F0F14B4D-5715-4EA1-80A9-9273A27084F8} = {3FE0014D-D030-4525-9C04-D5FE7FBFED44}
		{02C17438-47EE-4AA2-911D-4AA8345E781B} = {3FE0014D-D030-4525-9C04-D5FE7FBFED44}
		{BAB8E365-B8D3-467D-A7DF-DB5E4030B882} = {7ED5C399-4BDB-4970-AD96-CD3656DBE747}
		{274265FF-747E-424C-AA79-766EA7B702CF} = {7ED5C399-4BDB-4970-AD96-CD3656DBE747}
		{05FD1ED7-11E0-4F72-B043-6B8DCCA28327} = {1A0845B3-BF88-4B92-8A71-088C3B024132}
		{66520860-18FE-4C96-B415-3D3F7826EDA2} = {1A0845B3-BF88-4B92-8A71-088C3B024132}
		{051CAE46-4934-477D-AC9D-4147F2E78D67} = {9A649A61-F15F-4749-89F8-264E1DCBAFE2}
		{4A3C26C4-1FED-497B-A821-F01D7A195581} = {9A649A61-F15F-4749-89F8-264E1DCBAFE2}
		{98F0C2C6-BF2A-4CC0-94AF-15DA93C63416} = {9A649A61-F15F-4749-89F8-264E1DCBAFE2}
		{0DBD62DC-8A8B-410C-BB7A-7784359FEA0F} = {F1E5B197-05DC-4777-87B4-805AB4035B64}
	EndGlobalSection
	GlobalSection(ExtensibilityGlobals) = postSolution
		SolutionGuid = {E933F251-7F1F-4388-A0AB-98B54B4263AE}
	EndGlobalSection
EndGlobal
